
Microsoft Visual Studio Solution File, Format Version 12.00
# Visual Studio Version 17
VisualStudioVersion = 17.10.35027.167
MinimumVisualStudioVersion = 10.0.40219.1
Project("{8BC9CEB8-8B4A-11D0-8D11-00A0C91BC942}") = "6.4 Completo", "6.4 Completo.vcxproj", "{97C6F3FD-CE6C-485D-9A47-2BA5EDCC11AA}"
EndProject
Global
	GlobalSection(SolutionConfigurationPlatforms) = preSolution
		Debug|x64 = Debug|x64
		Debug|x86 = Debug|x86
		Release|x64 = Release|x64
		Release|x86 = Release|x86
	EndGlobalSection
	GlobalSection(ProjectConfigurationPlatforms) = postSolution
		{97C6F3FD-CE6C-485D-9A47-2BA5EDCC11AA}.Debug|x64.ActiveCfg = Debug|x64
		{97C6F3FD-CE6C-485D-9A47-2BA5EDCC11AA}.Debug|x64.Build.0 = Debug|x64
		{97C6F3FD-CE6C-485D-9A47-2BA5EDCC11AA}.Debug|x86.ActiveCfg = Debug|Win32
		{97C6F3FD-CE6C-485D-9A47-2BA5EDCC11AA}.Debug|x86.Build.0 = Debug|Win32
		{97C6F3FD-CE6C-485D-9A47-2BA5EDCC11AA}.Release|x64.ActiveCfg = Release|x64
		{97C6F3FD-CE6C-485D-9A47-2BA5EDCC11AA}.Release|x64.Build.0 = Release|x64
		{97C6F3FD-CE6C-485D-9A47-2BA5EDCC11AA}.Release|x86.ActiveCfg = Release|Win32
		{97C6F3FD-CE6C-485D-9A47-2BA5EDCC11AA}.Release|x86.Build.0 = Release|Win32
	EndGlobalSection
	GlobalSection(SolutionProperties) = preSolution
		HideSolutionNode = FALSE
	EndGlobalSection
	GlobalSection(ExtensibilityGlobals) = postSolution
		SolutionGuid = {98BBDE42-F839-4868-A0F1-65270B848BBE}
	EndGlobalSection
EndGlobal
