
Microsoft Visual Studio Solution File, Format Version 12.00
# Visual Studio Version 17
VisualStudioVersion = 17.10.35027.167
MinimumVisualStudioVersion = 10.0.40219.1
Project("{8BC9CEB8-8B4A-11D0-8D11-00A0C91BC942}") = "C10", "C10\C10.vcxproj", "{E8C0FAAB-C5A8-4639-A785-B07D56189E41}"
EndProject
Global
	GlobalSection(SolutionConfigurationPlatforms) = preSolution
		Debug|x64 = Debug|x64
		Debug|x86 = Debug|x86
		Release|x64 = Release|x64
		Release|x86 = Release|x86
	EndGlobalSection
	GlobalSection(ProjectConfigurationPlatforms) = postSolution
		{E8C0FAAB-C5A8-4639-A785-B07D56189E41}.Debug|x64.ActiveCfg = Debug|x64
		{E8C0FAAB-C5A8-4639-A785-B07D56189E41}.Debug|x64.Build.0 = Debug|x64
		{E8C0FAAB-C5A8-4639-A785-B07D56189E41}.Debug|x86.ActiveCfg = Debug|Win32
		{E8C0FAAB-C5A8-4639-A785-B07D56189E41}.Debug|x86.Build.0 = Debug|Win32
		{E8C0FAAB-C5A8-4639-A785-B07D56189E41}.Release|x64.ActiveCfg = Release|x64
		{E8C0FAAB-C5A8-4639-A785-B07D56189E41}.Release|x64.Build.0 = Release|x64
		{E8C0FAAB-C5A8-4639-A785-B07D56189E41}.Release|x86.ActiveCfg = Release|Win32
		{E8C0FAAB-C5A8-4639-A785-B07D56189E41}.Release|x86.Build.0 = Release|Win32
	EndGlobalSection
	GlobalSection(SolutionProperties) = preSolution
		HideSolutionNode = FALSE
	EndGlobalSection
	GlobalSection(ExtensibilityGlobals) = postSolution
		SolutionGuid = {9342218B-2348-47DB-94A3-6FAC556DBF97}
	EndGlobalSection
EndGlobal
